<?xml version="1.0" encoding="utf-8"?>
<Project ToolsVersion="4.0" xmlns="http://schemas.microsoft.com/developer/msbuild/2003">
  <ItemGroup>
    <ClCompile Include="src\gui\aboutbox.cpp">
      <Filter>Gui Code</Filter>
    </ClCompile>
    <ClCompile Include="src\gui\assertiondialog.cpp">
      <Filter>Gui Code</Filter>
    </ClCompile>
    <ClCompile Include="src\hailstorm_sandbox.cpp">
      <Filter>Sandbox Code</Filter>
    </ClCompile>
    <ClCompile Include="src\common\logging.cpp">
      <Filter>Common Code</Filter>
    </ClCompile>
    <ClCompile Include="src\common\platform_windows.cpp">
      <Filter>Common Code</Filter>
    </ClCompile>
    <ClCompile Include="src\stdafx.cpp">
      <Filter>VS Support and Assets</Filter>
    </ClCompile>
    <ClCompile Include="src\pragmas.cpp">
      <Filter>VS Support and Assets</Filter>
    </ClCompile>
    <ClCompile Include="src\gui\mainwindow.cpp">
      <Filter>Gui Code</Filter>
    </ClCompile>
    <ClCompile Include="src\gui\errordialog.cpp">
      <Filter>Gui Code</Filter>
    </ClCompile>
    <ClCompile Include="src\gameclient.cpp">
      <Filter>Sandbox Code</Filter>
    </ClCompile>
    <ClCompile Include="src\graphics\irenderer.cpp">
      <Filter>Graphics Code</Filter>
    </ClCompile>
    <ClCompile Include="src\graphics\dxrenderer.cpp">
      <Filter>Graphics Code</Filter>
    </ClCompile>
    <ClCompile Include="src\gui\iwindow.cpp">
      <Filter>Gui Code</Filter>
    </ClCompile>
    <ClCompile Include="src\common\logstream.cpp">
      <Filter>Common Code</Filter>
    </ClCompile>
    <ClCompile Include="src\graphics\staticmesh.cpp">
      <Filter>Graphics Code</Filter>
    </ClCompile>
    <ClCompile Include="src\graphics\dxutils.cpp">
      <Filter>Graphics Code</Filter>
    </ClCompile>
    <ClCompile Include="src\graphics\meshfactory.cpp">
      <Filter>Graphics Code</Filter>
    </ClCompile>
    <ClCompile Include="src\graphics\graphicscontentmanager.cpp">
      <Filter>Graphics Code</Filter>
    </ClCompile>
    <ClCompile Include="src\graphics\cubemesh.cpp">
      <Filter>Graphics Code</Filter>
    </ClCompile>
  </ItemGroup>
  <ItemGroup>
    <ClInclude Include="src\common\debugging.h">
      <Filter>Common Code\Headers</Filter>
    </ClInclude>
    <ClInclude Include="src\common\logging.h">
      <Filter>Common Code\Headers</Filter>
    </ClInclude>
    <ClInclude Include="src\common\platform.h">
      <Filter>Common Code\Headers</Filter>
    </ClInclude>
    <ClInclude Include="src\common\platform_windows.h">
      <Filter>Common Code\Headers</Filter>
    </ClInclude>
    <ClInclude Include="src\common\delete.h">
      <Filter>Common Code\Headers</Filter>
    </ClInclude>
    <ClInclude Include="src\gui\aboutbox.h">
      <Filter>Gui Code\Headers</Filter>
    </ClInclude>
    <ClInclude Include="src\gui\assertiondialog.h">
      <Filter>Gui Code\Headers</Filter>
    </ClInclude>
    <ClInclude Include="src\Resource.h">
      <Filter>Gui Code\Headers</Filter>
    </ClInclude>
    <ClInclude Include="src\hailstorm_sandbox.h">
      <Filter>Sandbox Code\Headers</Filter>
    </ClInclude>
    <ClInclude Include="src\stdafx.h">
      <Filter>VS Support and Assets</Filter>
    </ClInclude>
    <ClInclude Include="src\targetver.h">
      <Filter>VS Support and Assets</Filter>
    </ClInclude>
    <ClInclude Include="src\gui\errordialog.h">
      <Filter>Gui Code\Headers</Filter>
    </ClInclude>
    <ClInclude Include="src\version.h">
      <Filter>Common Code</Filter>
    </ClInclude>
    <ClInclude Include="src\gameclient.h">
      <Filter>Sandbox Code</Filter>
    </ClInclude>
    <ClInclude Include="src\graphics\irenderer.h">
      <Filter>Graphics Code\Headers</Filter>
    </ClInclude>
    <ClInclude Include="src\gui\mainwindow.h">
      <Filter>Gui Code\Headers</Filter>
    </ClInclude>
    <ClInclude Include="src\graphics\dxrenderer.h">
      <Filter>Graphics Code\Headers</Filter>
    </ClInclude>
    <ClInclude Include="src\graphics\dxutils.h">
      <Filter>Graphics Code\Headers</Filter>
    </ClInclude>
    <ClInclude Include="src\common\gametime.h">
      <Filter>Common Code\Headers</Filter>
    </ClInclude>
    <ClInclude Include="src\Resource.h">
      <Filter>VS Support</Filter>
    </ClInclude>
    <ClInclude Include="src\Resource.h" />
    <ClInclude Include="src\Resource.h" />
    <ClInclude Include="src\gui\iwindow.h">
      <Filter>Gui Code\Headers</Filter>
    </ClInclude>
    <ClInclude Include="src\Resource.h" />
    <ClInclude Include="src\common\logging_impl.h">
      <Filter>Common Code\Headers</Filter>
    </ClInclude>
    <ClInclude Include="src\Resource.h" />
    <ClInclude Include="src\common\logging_stream.h">
      <Filter>Common Code\Headers</Filter>
    </ClInclude>
    <ClInclude Include="src\common\debugstreambuf.inl">
      <Filter>Common Code</Filter>
    </ClInclude>
    <ClInclude Include="src\Resource.h" />
    <ClInclude Include="src\graphics\staticmesh.h">
      <Filter>Graphics Code\Headers</Filter>
    </ClInclude>
    <ClInclude Include="src\graphics\staticmeshvertex.h">
      <Filter>Graphics Code\Headers</Filter>
    </ClInclude>
    <ClInclude Include="src\graphics\meshfactory.h">
      <Filter>Graphics Code\Headers</Filter>
    </ClInclude>
    <ClInclude Include="src\graphics\graphicscontentmanager.h">
      <Filter>Graphics Code\Headers</Filter>
    </ClInclude>
    <ClInclude Include="src\Resource.h" />
    <ClInclude Include="src\Resource.h" />
    <ClInclude Include="src\Resource.h" />
    <ClInclude Include="src\graphics\cubemesh.h">
      <Filter>Graphics Code</Filter>
    </ClInclude>
  </ItemGroup>
  <ItemGroup>
    <None Include="ReadMe.txt" />
    <None Include="NOTICE.txt" />
    <None Include="assets\hailstorm.ico">
      <Filter>VS Support and Assets</Filter>
    </None>
    <None Include="LICENSE.txt" />
  </ItemGroup>
  <ItemGroup>
    <Filter Include="Common Code">
      <UniqueIdentifier>{6794295c-f3e7-4a72-91ca-335c787c1685}</UniqueIdentifier>
    </Filter>
    <Filter Include="Common Code\Headers">
      <UniqueIdentifier>{d8702c79-beef-4a5d-a4b4-562e2f13b04b}</UniqueIdentifier>
    </Filter>
    <Filter Include="Gui Code">
      <UniqueIdentifier>{eff35f61-11cd-4e4f-9f35-a15dd3145c5e}</UniqueIdentifier>
    </Filter>
    <Filter Include="Gui Code\Headers">
      <UniqueIdentifier>{49086ab8-ff02-456f-a577-1e0bfb89f0b9}</UniqueIdentifier>
    </Filter>
    <Filter Include="Sandbox Code">
      <UniqueIdentifier>{59898411-75ec-4d6a-a3e4-f89ed3355c3f}</UniqueIdentifier>
    </Filter>
    <Filter Include="Sandbox Code\Headers">
      <UniqueIdentifier>{34b551ec-5661-4151-9c32-3f59305834ac}</UniqueIdentifier>
    </Filter>
    <Filter Include="Graphics Code">
      <UniqueIdentifier>{e5c58e7a-ba74-4be4-9c27-e65a7b42ba5c}</UniqueIdentifier>
    </Filter>
    <Filter Include="Graphics Code\Headers">
      <UniqueIdentifier>{b4cbd2e1-0bf2-4073-8148-6f1d67822125}</UniqueIdentifier>
    </Filter>
    <Filter Include="VS Support and Assets">
      <UniqueIdentifier>{de0fb035-0c01-4ecb-adcb-4ff41e923ea7}</UniqueIdentifier>
    </Filter>
  </ItemGroup>
  <ItemGroup>
    <ResourceCompile Include="assets\hailstorm.rc">
      <Filter>VS Support and Assets</Filter>
    </ResourceCompile>
  </ItemGroup>
  <ItemGroup>
    <FxCompile Include="game\data\shaders\cube.fx" />
  </ItemGroup>
</Project>