<?xml version="1.0" encoding="utf-8"?>
<Project ToolsVersion="4.0" xmlns="http://schemas.microsoft.com/developer/msbuild/2003">
  <ItemGroup>
    <ClCompile Include="stdafx.cpp" />
    <ClCompile Include="include\runtime\logging.cpp" />
    <ClCompile Include="include\runtime\logstream.cpp" />
    <ClCompile Include="src\exceptions.cpp" />
    <ClCompile Include="src\StringUtils.cpp" />
  </ItemGroup>
  <ItemGroup>
    <ClInclude Include="targetver.h" />
    <ClInclude Include="include\runtime\debugging.h" />
    <ClInclude Include="include\runtime\delete.h" />
    <ClInclude Include="include\runtime\logging.h" />
    <ClInclude Include="include\runtime\logging_impl.h" />
    <ClInclude Include="include\runtime\logging_stream.h" />
    <ClInclude Include="include\runtime\mathutils.h" />
    <ClInclude Include="include\runtime\exceptions.h" />
    <ClInclude Include="include\runtime\StringUtils.h" />
  </ItemGroup>
  <ItemGroup>
    <None Include="include\runtime\debugstreambuf.inl" />
  </ItemGroup>
</Project>