<?xml version="1.0" encoding="utf-8"?>
<Project ToolsVersion="4.0" xmlns="http://schemas.microsoft.com/developer/msbuild/2003">
  <ItemGroup>
    <FxCompile Include="..\game\data\shaders\cube.fx">
      <Filter>Shaders</Filter>
    </FxCompile>
    <FxCompile Include="..\game\data\shaders\landscape.fx">
      <Filter>Shaders</Filter>
    </FxCompile>
    <FxCompile Include="..\game\data\shaders\light.fx">
      <Filter>Shaders</Filter>
    </FxCompile>
  </ItemGroup>
  <ItemGroup>
    <ClCompile Include="DesktopClient\gui\aboutbox.cpp">
      <Filter>Source Files</Filter>
    </ClCompile>
    <ClCompile Include="DesktopClient\gui\assertiondialog.cpp">
      <Filter>Source Files</Filter>
    </ClCompile>
    <ClCompile Include="DesktopClient\gui\errordialog.cpp">
      <Filter>Source Files</Filter>
    </ClCompile>
    <ClCompile Include="DesktopClient\gameclient.cpp">
      <Filter>Source Files</Filter>
    </ClCompile>
    <ClCompile Include="DesktopClient\hailstorm_sandbox.cpp">
      <Filter>Source Files</Filter>
    </ClCompile>
    <ClCompile Include="DesktopClient\gui\mainwindow.cpp">
      <Filter>Source Files</Filter>
    </ClCompile>
    <ClCompile Include="DesktopClient\common\platform_windows.cpp">
      <Filter>Source Files</Filter>
    </ClCompile>
    <ClCompile Include="DesktopClient\pragmas.cpp">
      <Filter>Source Files</Filter>
    </ClCompile>
    <ClCompile Include="DesktopClient\stdafx.cpp">
      <Filter>Source Files</Filter>
    </ClCompile>
  </ItemGroup>
  <ItemGroup>
    <ClInclude Include="DesktopClient\gui\aboutbox.h">
      <Filter>Header Files</Filter>
    </ClInclude>
    <ClInclude Include="DesktopClient\gui\assertiondialog.h">
      <Filter>Header Files</Filter>
    </ClInclude>
    <ClInclude Include="DesktopClient\gui\errordialog.h">
      <Filter>Header Files</Filter>
    </ClInclude>
    <ClInclude Include="DesktopClient\gameclient.h">
      <Filter>Header Files</Filter>
    </ClInclude>
    <ClInclude Include="DesktopClient\hailstorm_sandbox.h">
      <Filter>Header Files</Filter>
    </ClInclude>
    <ClInclude Include="DesktopClient\gui\mainwindow.h">
      <Filter>Header Files</Filter>
    </ClInclude>
    <ClInclude Include="DesktopClient\common\platform_windows.h">
      <Filter>Header Files</Filter>
    </ClInclude>
    <ClInclude Include="DesktopClient\Resource.h">
      <Filter>Header Files</Filter>
    </ClInclude>
    <ClInclude Include="DesktopClient\stdafx.h">
      <Filter>Header Files</Filter>
    </ClInclude>
    <ClInclude Include="DesktopClient\targetver.h">
      <Filter>Header Files</Filter>
    </ClInclude>
    <ClInclude Include="DesktopClient\version.h">
      <Filter>Header Files</Filter>
    </ClInclude>
  </ItemGroup>
  <ItemGroup>
    <None Include="..\LICENSE.txt" />
    <None Include="..\NOTICE.txt" />
    <None Include="..\ReadMe.txt" />
    <None Include="..\assets\hailstorm.ico">
      <Filter>Resources</Filter>
    </None>
  </ItemGroup>
  <ItemGroup>
    <Filter Include="Header Files">
      <UniqueIdentifier>{f4bbbfbf-6acb-4e84-a852-29d11670bac6}</UniqueIdentifier>
      <Extensions>h;hh;hpp;hxx;hm;inl;inc;xsd</Extensions>
    </Filter>
    <Filter Include="Source Files">
      <UniqueIdentifier>{d6f5319e-a966-4fa2-ad0b-6ecefff6a2fa}</UniqueIdentifier>
      <Extensions>cpp;c;cc;cxx;def;odl;idl;hpj;bat;asm;asmx</Extensions>
    </Filter>
    <Filter Include="Resources">
      <UniqueIdentifier>{1cfa1466-4e50-4ff6-b6a4-8855a0e66806}</UniqueIdentifier>
    </Filter>
    <Filter Include="Shaders">
      <UniqueIdentifier>{10b346d3-e90e-42be-ad37-a7e955df440c}</UniqueIdentifier>
    </Filter>
  </ItemGroup>
  <ItemGroup>
    <ResourceCompile Include="DesktopClient\assets\hailstorm.rc">
      <Filter>Resources</Filter>
    </ResourceCompile>
  </ItemGroup>
</Project>